
Microsoft Visual Studio Solution File, Format Version 12.00
# Visual Studio 15
VisualStudioVersion = 15.0.26430.14
MinimumVisualStudioVersion = 10.0.40219.1
Project("{2150E333-8FDC-42A3-9474-1A3956D46DE8}") = "src", "src", "{A63AB342-53D1-4333-9DB4-1A3E16E6F21F}"
EndProject
Project("{2150E333-8FDC-42A3-9474-1A3956D46DE8}") = "Solution Items", "Solution Items", "{CDC5AA14-7748-490F-83C6-3E7952B67382}"
EndProject
Project("{9A19103F-16F7-4668-BE54-9A1E7A4F7556}") = "TheWorld", "src\TheWorld\TheWorld.csproj", "{90238B43-D3F0-4A0F-8194-6BC3651E97CE}"
EndProject
Global
	GlobalSection(SolutionConfigurationPlatforms) = preSolution
		Debug|Any CPU = Debug|Any CPU
		Release|Any CPU = Release|Any CPU
	EndGlobalSection
	GlobalSection(ProjectConfigurationPlatforms) = postSolution
		{90238B43-D3F0-4A0F-8194-6BC3651E97CE}.Debug|Any CPU.ActiveCfg = Debug|Any CPU
		{90238B43-D3F0-4A0F-8194-6BC3651E97CE}.Debug|Any CPU.Build.0 = Debug|Any CPU
		{90238B43-D3F0-4A0F-8194-6BC3651E97CE}.Release|Any CPU.ActiveCfg = Release|Any CPU
		{90238B43-D3F0-4A0F-8194-6BC3651E97CE}.Release|Any CPU.Build.0 = Release|Any CPU
	EndGlobalSection
	GlobalSection(SolutionProperties) = preSolution
		HideSolutionNode = FALSE
	EndGlobalSection
	GlobalSection(NestedProjects) = preSolution
		{90238B43-D3F0-4A0F-8194-6BC3651E97CE} = {A63AB342-53D1-4333-9DB4-1A3E16E6F21F}
	EndGlobalSection
EndGlobal
